
Microsoft Visual Studio Solution File, Format Version 12.00
# Visual Studio 15
VisualStudioVersion = 15.0.28307.1684
MinimumVisualStudioVersion = 10.0.40219.1
Project("{159641D6-6404-4A2A-AE62-294DE0FE8301}") = "MidTerm", "MidTerm\MidTerm.dtproj", "{B9A7F166-FA23-4AC4-8B2E-6059CAE2C8FF}"
EndProject
Global
	GlobalSection(SolutionConfigurationPlatforms) = preSolution
		Development|Default = Development|Default
	EndGlobalSection
	GlobalSection(ProjectConfigurationPlatforms) = postSolution
		{B9A7F166-FA23-4AC4-8B2E-6059CAE2C8FF}.Development|Default.ActiveCfg = Development
		{B9A7F166-FA23-4AC4-8B2E-6059CAE2C8FF}.Development|Default.Build.0 = Development
	EndGlobalSection
	GlobalSection(SolutionProperties) = preSolution
		HideSolutionNode = FALSE
	EndGlobalSection
	GlobalSection(ExtensibilityGlobals) = postSolution
		SolutionGuid = {BF6DE0C4-246E-45A8-878D-10050BCFF614}
	EndGlobalSection
EndGlobal
